
Microsoft Visual Studio Solution File, Format Version 12.00
# Visual Studio 15
VisualStudioVersion = 15.0.28307.960
MinimumVisualStudioVersion = 10.0.40219.1
Project("{FAE04EC0-301F-11D3-BF4B-00C04F79EFBC}") = "Uyg3Web", "Uyg3Web\Uyg3Web.csproj", "{56E72EB9-0109-4611-877F-99208759A067}"
EndProject
Global
	GlobalSection(SolutionConfigurationPlatforms) = preSolution
		Debug|Any CPU = Debug|Any CPU
		Release|Any CPU = Release|Any CPU
	EndGlobalSection
	GlobalSection(ProjectConfigurationPlatforms) = postSolution
		{56E72EB9-0109-4611-877F-99208759A067}.Debug|Any CPU.ActiveCfg = Debug|Any CPU
		{56E72EB9-0109-4611-877F-99208759A067}.Debug|Any CPU.Build.0 = Debug|Any CPU
		{56E72EB9-0109-4611-877F-99208759A067}.Release|Any CPU.ActiveCfg = Release|Any CPU
		{56E72EB9-0109-4611-877F-99208759A067}.Release|Any CPU.Build.0 = Release|Any CPU
	EndGlobalSection
	GlobalSection(SolutionProperties) = preSolution
		HideSolutionNode = FALSE
	EndGlobalSection
	GlobalSection(ExtensibilityGlobals) = postSolution
		SolutionGuid = {39BAA39D-7E79-4C2B-9A42-5FBE75D3139E}
	EndGlobalSection
EndGlobal
